
Microsoft Visual Studio Solution File, Format Version 12.00
# Visual Studio Version 16
VisualStudioVersion = 16.0.29728.190
MinimumVisualStudioVersion = 10.0.40219.1
Project("{8BC9CEB8-8B4A-11D0-8D11-00A0C91BC942}") = "Matura 2018 Zadanie 4.1", "Matura 2018 Zadanie 4.1.vcxproj", "{7543EE0D-C2BF-4080-BB26-DEFC1B18C099}"
EndProject
Global
	GlobalSection(SolutionConfigurationPlatforms) = preSolution
		Debug|x64 = Debug|x64
		Debug|x86 = Debug|x86
		Release|x64 = Release|x64
		Release|x86 = Release|x86
	EndGlobalSection
	GlobalSection(ProjectConfigurationPlatforms) = postSolution
		{7543EE0D-C2BF-4080-BB26-DEFC1B18C099}.Debug|x64.ActiveCfg = Debug|x64
		{7543EE0D-C2BF-4080-BB26-DEFC1B18C099}.Debug|x64.Build.0 = Debug|x64
		{7543EE0D-C2BF-4080-BB26-DEFC1B18C099}.Debug|x86.ActiveCfg = Debug|Win32
		{7543EE0D-C2BF-4080-BB26-DEFC1B18C099}.Debug|x86.Build.0 = Debug|Win32
		{7543EE0D-C2BF-4080-BB26-DEFC1B18C099}.Release|x64.ActiveCfg = Release|x64
		{7543EE0D-C2BF-4080-BB26-DEFC1B18C099}.Release|x64.Build.0 = Release|x64
		{7543EE0D-C2BF-4080-BB26-DEFC1B18C099}.Release|x86.ActiveCfg = Release|Win32
		{7543EE0D-C2BF-4080-BB26-DEFC1B18C099}.Release|x86.Build.0 = Release|Win32
	EndGlobalSection
	GlobalSection(SolutionProperties) = preSolution
		HideSolutionNode = FALSE
	EndGlobalSection
	GlobalSection(ExtensibilityGlobals) = postSolution
		SolutionGuid = {E2B46E6E-2021-4925-8277-479B6D8EC8B8}
	EndGlobalSection
EndGlobal
